
Microsoft Visual Studio Solution File, Format Version 12.00
# Visual Studio Version 17
VisualStudioVersion = 17.13.35818.85 d17.13
MinimumVisualStudioVersion = 10.0.40219.1
Project("{888888A0-9F3D-457C-B088-3A5042F75D52}") = "Gears", "Gears\Gears.pyproj", "{3FDB2AF9-194D-4EA5-A888-B2076957235E}"
EndProject
Global
	GlobalSection(SolutionConfigurationPlatforms) = preSolution
		Debug|Any CPU = Debug|Any CPU
		Release|Any CPU = Release|Any CPU
	EndGlobalSection
	GlobalSection(ProjectConfigurationPlatforms) = postSolution
		{3FDB2AF9-194D-4EA5-A888-B2076957235E}.Debug|Any CPU.ActiveCfg = Debug|Any CPU
		{3FDB2AF9-194D-4EA5-A888-B2076957235E}.Release|Any CPU.ActiveCfg = Release|Any CPU
	EndGlobalSection
	GlobalSection(SolutionProperties) = preSolution
		HideSolutionNode = FALSE
	EndGlobalSection
	GlobalSection(ExtensibilityGlobals) = postSolution
		SolutionGuid = {877EC8B8-6AED-4B83-B040-AF3309BACAAA}
	EndGlobalSection
EndGlobal
